
Microsoft Visual Studio Solution File, Format Version 12.00
# Visual Studio Version 17
VisualStudioVersion = 17.1.32210.238
MinimumVisualStudioVersion = 10.0.40219.1
Project("{9A19103F-16F7-4668-BE54-9A1E7A4F7556}") = "WARecibos", "WARecibos\WARecibos.csproj", "{919E67EF-DAD0-4C5E-9865-55916EBB8C4E}"
EndProject
Project("{9A19103F-16F7-4668-BE54-9A1E7A4F7556}") = "Entidades", "Entidades\Entidades.csproj", "{34FAE8E8-9EE5-439C-9B35-7EA07C7C15B4}"
EndProject
Project("{FAE04EC0-301F-11D3-BF4B-00C04F79EFBC}") = "APIRecibos", "APIRecibos\APIRecibos.csproj", "{9C7460E3-8157-42FE-9E46-4A9D7AE02376}"
EndProject
Global
	GlobalSection(SolutionConfigurationPlatforms) = preSolution
		Debug|Any CPU = Debug|Any CPU
		Release|Any CPU = Release|Any CPU
	EndGlobalSection
	GlobalSection(ProjectConfigurationPlatforms) = postSolution
		{919E67EF-DAD0-4C5E-9865-55916EBB8C4E}.Debug|Any CPU.ActiveCfg = Debug|Any CPU
		{919E67EF-DAD0-4C5E-9865-55916EBB8C4E}.Debug|Any CPU.Build.0 = Debug|Any CPU
		{919E67EF-DAD0-4C5E-9865-55916EBB8C4E}.Release|Any CPU.ActiveCfg = Release|Any CPU
		{919E67EF-DAD0-4C5E-9865-55916EBB8C4E}.Release|Any CPU.Build.0 = Release|Any CPU
		{34FAE8E8-9EE5-439C-9B35-7EA07C7C15B4}.Debug|Any CPU.ActiveCfg = Debug|Any CPU
		{34FAE8E8-9EE5-439C-9B35-7EA07C7C15B4}.Debug|Any CPU.Build.0 = Debug|Any CPU
		{34FAE8E8-9EE5-439C-9B35-7EA07C7C15B4}.Release|Any CPU.ActiveCfg = Release|Any CPU
		{34FAE8E8-9EE5-439C-9B35-7EA07C7C15B4}.Release|Any CPU.Build.0 = Release|Any CPU
		{9C7460E3-8157-42FE-9E46-4A9D7AE02376}.Debug|Any CPU.ActiveCfg = Debug|Any CPU
		{9C7460E3-8157-42FE-9E46-4A9D7AE02376}.Debug|Any CPU.Build.0 = Debug|Any CPU
		{9C7460E3-8157-42FE-9E46-4A9D7AE02376}.Release|Any CPU.ActiveCfg = Release|Any CPU
		{9C7460E3-8157-42FE-9E46-4A9D7AE02376}.Release|Any CPU.Build.0 = Release|Any CPU
	EndGlobalSection
	GlobalSection(SolutionProperties) = preSolution
		HideSolutionNode = FALSE
	EndGlobalSection
	GlobalSection(ExtensibilityGlobals) = postSolution
		SolutionGuid = {9985C8F0-44C3-4869-84A2-0670F8D97AFB}
	EndGlobalSection
EndGlobal
